// !$*UTF8*$!
{
	archiveVersion = 1;
	classes = {
	};
	objectVersion = 46;
	objects = {

/* Begin PBXBuildFile section */
		6902FACE17F51D3E00299A50 /* Images.xcassets in Resources */ = {isa = PBXBuildFile; fileRef = 6902FACD17F51D3E00299A50 /* Images.xcassets */; };
		6907EB581A7E7AA300AE52A1 /* VerbatimViewController.m in Sources */ = {isa = PBXBuildFile; fileRef = 6907EB571A7E7AA300AE52A1 /* VerbatimViewController.m */; };
		690D0B9F1B13A57800A1F327 /* RootViewController.m in Sources */ = {isa = PBXBuildFile; fileRef = 690D0B9E1B13A57800A1F327 /* RootViewController.m */; };
		692ED24B1796D552008554F9 /* UIKit.framework in Frameworks */ = {isa = PBXBuildFile; fileRef = 692ED24A1796D552008554F9 /* UIKit.framework */; };
		692ED24D1796D552008554F9 /* Foundation.framework in Frameworks */ = {isa = PBXBuildFile; fileRef = 692ED24C1796D552008554F9 /* Foundation.framework */; };
		692ED24F1796D552008554F9 /* CoreGraphics.framework in Frameworks */ = {isa = PBXBuildFile; fileRef = 692ED24E1796D552008554F9 /* CoreGraphics.framework */; };
		692ED2551796D552008554F9 /* InfoPlist.strings in Resources */ = {isa = PBXBuildFile; fileRef = 692ED2531796D552008554F9 /* InfoPlist.strings */; };
		692ED2571796D552008554F9 /* main.m in Sources */ = {isa = PBXBuildFile; fileRef = 692ED2561796D552008554F9 /* main.m */; };
		692ED25B1796D552008554F9 /* AppDelegate.m in Sources */ = {isa = PBXBuildFile; fileRef = 692ED25A1796D552008554F9 /* AppDelegate.m */; };
		692ED2641796D552008554F9 /* MainStoryboard.storyboard in Resources */ = {isa = PBXBuildFile; fileRef = 692ED2621796D552008554F9 /* MainStoryboard.storyboard */; };
		692ED2B21796F466008554F9 /* DictionaryTableViewController.m in Sources */ = {isa = PBXBuildFile; fileRef = 692ED2B11796F466008554F9 /* DictionaryTableViewController.m */; };
		692ED2B51796F48B008554F9 /* WordDetailViewController.m in Sources */ = {isa = PBXBuildFile; fileRef = 692ED2B41796F48B008554F9 /* WordDetailViewController.m */; };
		6939B7D41AB5BF8100DBA0E6 /* Accounts.framework in Frameworks */ = {isa = PBXBuildFile; fileRef = 6939B7CC1AB5BF8100DBA0E6 /* Accounts.framework */; };
		6939B7D51AB5BF8100DBA0E6 /* AddressBook.framework in Frameworks */ = {isa = PBXBuildFile; fileRef = 6939B7CD1AB5BF8100DBA0E6 /* AddressBook.framework */; };
		6939B7D61AB5BF8100DBA0E6 /* CoreText.framework in Frameworks */ = {isa = PBXBuildFile; fileRef = 6939B7CE1AB5BF8100DBA0E6 /* CoreText.framework */; };
		6939B7D71AB5BF8100DBA0E6 /* Security.framework in Frameworks */ = {isa = PBXBuildFile; fileRef = 6939B7CF1AB5BF8100DBA0E6 /* Security.framework */; };
		6939B7D81AB5BF8100DBA0E6 /* QuartzCore.framework in Frameworks */ = {isa = PBXBuildFile; fileRef = 6939B7D01AB5BF8100DBA0E6 /* QuartzCore.framework */; };
		6946C9201B2EF7AF00631421 /* SystemConfiguration.framework in Frameworks */ = {isa = PBXBuildFile; fileRef = 6946C91B1B2EF7AF00631421 /* SystemConfiguration.framework */; };
		6946C9211B2EF7AF00631421 /* libc++.dylib in Frameworks */ = {isa = PBXBuildFile; fileRef = 6946C91C1B2EF7AF00631421 /* libc++.dylib */; };
		6946C9221B2EF7AF00631421 /* libz.dylib in Frameworks */ = {isa = PBXBuildFile; fileRef = 6946C91D1B2EF7AF00631421 /* libz.dylib */; };
		6946C9231B2EF7AF00631421 /* Fabric.framework in Frameworks */ = {isa = PBXBuildFile; fileRef = 6946C91E1B2EF7AF00631421 /* Fabric.framework */; };
		6946C9241B2EF7AF00631421 /* Crashlytics.framework in Frameworks */ = {isa = PBXBuildFile; fileRef = 6946C91F1B2EF7AF00631421 /* Crashlytics.framework */; };
		694E879A1A55C5AB00CE4A37 /* LinksTableViewController.m in Sources */ = {isa = PBXBuildFile; fileRef = 694E87991A55C5AB00CE4A37 /* LinksTableViewController.m */; };
		694E879E1A55D52400CE4A37 /* WebViewController.m in Sources */ = {isa = PBXBuildFile; fileRef = 694E879D1A55D52400CE4A37 /* WebViewController.m */; };
		694E87A41A56504F00CE4A37 /* Source.m in Sources */ = {isa = PBXBuildFile; fileRef = 694E87A31A56504F00CE4A37 /* Source.m */; };
		6954D6FF1A884E17004374F0 /* AboutViewController.m in Sources */ = {isa = PBXBuildFile; fileRef = 6954D6FE1A884E17004374F0 /* AboutViewController.m */; };
		695847CE1AB5C9B90085251C /* TwitterTableViewController.m in Sources */ = {isa = PBXBuildFile; fileRef = 695847CD1AB5C9B90085251C /* TwitterTableViewController.m */; };
		6960659C1B3C8D77003B500D /* SourcesWebViewController.m in Sources */ = {isa = PBXBuildFile; fileRef = 6960659B1B3C8D77003B500D /* SourcesWebViewController.m */; };
		6960CA501B8C11A50072FCB3 /* TADataStore.m in Sources */ = {isa = PBXBuildFile; fileRef = 9BA06E321A833B4800A6A19E /* TADataStore.m */; };
		6960CA511B8C11BA0072FCB3 /* TAWord.m in Sources */ = {isa = PBXBuildFile; fileRef = 9BA06E6D1A833F9200A6A19E /* TAWord.m */; };
		69739B561A36897F008BAB06 /* SearchBarViewController.m in Sources */ = {isa = PBXBuildFile; fileRef = 69739B551A36897F008BAB06 /* SearchBarViewController.m */; };
		6975A2231B53413100BCB4B7 /* CustomTabsViewController.m in Sources */ = {isa = PBXBuildFile; fileRef = 6975A2221B53413100BCB4B7 /* CustomTabsViewController.m */; };
		6975A2261B53437300BCB4B7 /* SourcesNavCon.m in Sources */ = {isa = PBXBuildFile; fileRef = 6975A2251B53437300BCB4B7 /* SourcesNavCon.m */; };
		6975A2291B53442200BCB4B7 /* ReferenceNavCon.m in Sources */ = {isa = PBXBuildFile; fileRef = 6975A2281B53442200BCB4B7 /* ReferenceNavCon.m */; };
		6975A22C1B5344ED00BCB4B7 /* DictionaryNavCon.m in Sources */ = {isa = PBXBuildFile; fileRef = 6975A22B1B5344ED00BCB4B7 /* DictionaryNavCon.m */; };
		6975A22F1B53458700BCB4B7 /* MapsNavCon.m in Sources */ = {isa = PBXBuildFile; fileRef = 6975A22E1B53458700BCB4B7 /* MapsNavCon.m */; };
		6975A2321B53460500BCB4B7 /* ExplorationsNavCon.m in Sources */ = {isa = PBXBuildFile; fileRef = 6975A2311B53460500BCB4B7 /* ExplorationsNavCon.m */; };
		6976E3021A6F3E8D0013A6D5 /* Links.plist in Resources */ = {isa = PBXBuildFile; fileRef = 6976E3011A6F3E8D0013A6D5 /* Links.plist */; };
		698893B81A5E24CE00D1AC74 /* SourcesDetailViewController.m in Sources */ = {isa = PBXBuildFile; fileRef = 698893B71A5E24CE00D1AC74 /* SourcesDetailViewController.m */; };
		6988A94A1A3E8DEB005A1B65 /* MapViewController.m in Sources */ = {isa = PBXBuildFile; fileRef = 6988A9491A3E8DEB005A1B65 /* MapViewController.m */; };
		698F27AE1A6D85260065F8A6 /* CloudKit.framework in Frameworks */ = {isa = PBXBuildFile; fileRef = 698F27AD1A6D85260065F8A6 /* CloudKit.framework */; };
		699416E51B5889BE006D51BD /* AboutNavCon.m in Sources */ = {isa = PBXBuildFile; fileRef = 699416E41B5889BE006D51BD /* AboutNavCon.m */; };
		69B52BAB1A0EF6C100C23B47 /* Launch Screen.xib in Resources */ = {isa = PBXBuildFile; fileRef = 69B52BAA1A0EF6C100C23B47 /* Launch Screen.xib */; };
		69B8D9381A4122B300186EA2 /* BiblicalPins.m in Sources */ = {isa = PBXBuildFile; fileRef = 69B8D9371A4122B300186EA2 /* BiblicalPins.m */; };
		69B8D93A1A4138B600186EA2 /* CoreLocation.framework in Frameworks */ = {isa = PBXBuildFile; fileRef = 69B8D9391A4138B600186EA2 /* CoreLocation.framework */; };
		69BB25491A130F2E00B3F5B5 /* WordDataSource.m in Sources */ = {isa = PBXBuildFile; fileRef = 69BB25481A130F2E00B3F5B5 /* WordDataSource.m */; };
		69D4C4B81B117D07009B5FE0 /* SourceContentViewController.m in Sources */ = {isa = PBXBuildFile; fileRef = 69D4C4B71B117D07009B5FE0 /* SourceContentViewController.m */; };
		69D4C4BB1B117D1E009B5FE0 /* SignContentViewController.m in Sources */ = {isa = PBXBuildFile; fileRef = 69D4C4BA1B117D1E009B5FE0 /* SignContentViewController.m */; };
		69D6284C1A47617B0073C157 /* HistoricalPins.m in Sources */ = {isa = PBXBuildFile; fileRef = 69D6284B1A47617B0073C157 /* HistoricalPins.m */; };
		69D6284F1A4762830073C157 /* SocialPins.m in Sources */ = {isa = PBXBuildFile; fileRef = 69D6284E1A4762830073C157 /* SocialPins.m */; };
		69F802BA1B3A4F8E002A5C8C /* Explorations.plist in Resources */ = {isa = PBXBuildFile; fileRef = 69F802B91B3A4F8E002A5C8C /* Explorations.plist */; };
		69F802BD1B3A50AE002A5C8C /* ExplorationsTableViewController.m in Sources */ = {isa = PBXBuildFile; fileRef = 69F802BC1B3A50AE002A5C8C /* ExplorationsTableViewController.m */; };
		69FB18EB1A0051C500F1C9A4 /* Word.m in Sources */ = {isa = PBXBuildFile; fileRef = 69FB18EA1A0051C500F1C9A4 /* Word.m */; };
		9BA06E2D1A833AD400A6A19E /* theologica.xcdatamodeld in Sources */ = {isa = PBXBuildFile; fileRef = 9BA06E2B1A833AD400A6A19E /* theologica.xcdatamodeld */; };
		9BA06E701A83631900A6A19E /* CoreData.framework in Frameworks */ = {isa = PBXBuildFile; fileRef = 9BA06E6F1A83631900A6A19E /* CoreData.framework */; };
		FA0BAF781A4333DE00AF6DFB /* MapDetailViewController.m in Sources */ = {isa = PBXBuildFile; fileRef = FA0BAF771A4333DE00AF6DFB /* MapDetailViewController.m */; };
		FA3683CD1A1144F300E9740F /* Social.framework in Frameworks */ = {isa = PBXBuildFile; fileRef = FA3683CC1A1144F300E9740F /* Social.framework */; };
		FA3683D31A1155AA00E9740F /* MobileCoreServices.framework in Frameworks */ = {isa = PBXBuildFile; fileRef = FA3683D21A1155AA00E9740F /* MobileCoreServices.framework */; };
		FA84505C1A129CA0007839D8 /* bookmarkListTableViewController.m in Sources */ = {isa = PBXBuildFile; fileRef = FA84505B1A129CA0007839D8 /* bookmarkListTableViewController.m */; };
		FA9323091A1E6DE8008CF833 /* MapKit.framework in Frameworks */ = {isa = PBXBuildFile; fileRef = FA9323081A1E6DE8008CF833 /* MapKit.framework */; };
/* End PBXBuildFile section */

/* Begin PBXCopyFilesBuildPhase section */
		69989AD519FF2D5D0009ABAE /* Embed App Extensions */ = {
			isa = PBXCopyFilesBuildPhase;
			buildActionMask = 2147483647;
			dstPath = "";
			dstSubfolderSpec = 13;
			files = (
			);
			name = "Embed App Extensions";
			runOnlyForDeploymentPostprocessing = 0;
		};
		69E151C81B69D53B0002A35F /* Embed Frameworks */ = {
			isa = PBXCopyFilesBuildPhase;
			buildActionMask = 2147483647;
			dstPath = "";
			dstSubfolderSpec = 10;
			files = (
			);
			name = "Embed Frameworks";
			runOnlyForDeploymentPostprocessing = 0;
		};
/* End PBXCopyFilesBuildPhase section */

/* Begin PBXFileReference section */
		6902FACD17F51D3E00299A50 /* Images.xcassets */ = {isa = PBXFileReference; lastKnownFileType = folder.assetcatalog; name = Images.xcassets; path = theologica/Images.xcassets; sourceTree = "<group>"; };
		6907EB561A7E7AA300AE52A1 /* VerbatimViewController.h */ = {isa = PBXFileReference; fileEncoding = 4; lastKnownFileType = sourcecode.c.h; name = VerbatimViewController.h; path = ../VerbatimViewController.h; sourceTree = "<group>"; };
		6907EB571A7E7AA300AE52A1 /* VerbatimViewController.m */ = {isa = PBXFileReference; fileEncoding = 4; lastKnownFileType = sourcecode.c.objc; name = VerbatimViewController.m; path = ../VerbatimViewController.m; sourceTree = "<group>"; };
		690D0B9D1B13A57800A1F327 /* RootViewController.h */ = {isa = PBXFileReference; fileEncoding = 4; lastKnownFileType = sourcecode.c.h; name = RootViewController.h; path = ../RootViewController.h; sourceTree = "<group>"; };
		690D0B9E1B13A57800A1F327 /* RootViewController.m */ = {isa = PBXFileReference; fileEncoding = 4; lastKnownFileType = sourcecode.c.objc; name = RootViewController.m; path = ../RootViewController.m; sourceTree = "<group>"; };
		692ED2471796D552008554F9 /* theologica.app */ = {isa = PBXFileReference; explicitFileType = wrapper.application; includeInIndex = 0; path = theologica.app; sourceTree = BUILT_PRODUCTS_DIR; };
		692ED24A1796D552008554F9 /* UIKit.framework */ = {isa = PBXFileReference; lastKnownFileType = wrapper.framework; name = UIKit.framework; path = System/Library/Frameworks/UIKit.framework; sourceTree = SDKROOT; };
		692ED24C1796D552008554F9 /* Foundation.framework */ = {isa = PBXFileReference; lastKnownFileType = wrapper.framework; name = Foundation.framework; path = System/Library/Frameworks/Foundation.framework; sourceTree = SDKROOT; };
		692ED24E1796D552008554F9 /* CoreGraphics.framework */ = {isa = PBXFileReference; lastKnownFileType = wrapper.framework; name = CoreGraphics.framework; path = System/Library/Frameworks/CoreGraphics.framework; sourceTree = SDKROOT; };
		692ED2521796D552008554F9 /* theologica-Info.plist */ = {isa = PBXFileReference; lastKnownFileType = text.plist.xml; path = "theologica-Info.plist"; sourceTree = "<group>"; };
		692ED2541796D552008554F9 /* en */ = {isa = PBXFileReference; lastKnownFileType = text.plist.strings; name = en; path = en.lproj/InfoPlist.strings; sourceTree = "<group>"; };
		692ED2561796D552008554F9 /* main.m */ = {isa = PBXFileReference; lastKnownFileType = sourcecode.c.objc; path = main.m; sourceTree = "<group>"; };
		692ED2581796D552008554F9 /* theologica-Prefix.pch */ = {isa = PBXFileReference; lastKnownFileType = sourcecode.c.h; path = "theologica-Prefix.pch"; sourceTree = "<group>"; };
		692ED2591796D552008554F9 /* AppDelegate.h */ = {isa = PBXFileReference; lastKnownFileType = sourcecode.c.h; path = AppDelegate.h; sourceTree = "<group>"; };
		692ED25A1796D552008554F9 /* AppDelegate.m */ = {isa = PBXFileReference; lastKnownFileType = sourcecode.c.objc; path = AppDelegate.m; sourceTree = "<group>"; };
		692ED2631796D552008554F9 /* en */ = {isa = PBXFileReference; lastKnownFileType = file.storyboard; name = en; path = en.lproj/MainStoryboard.storyboard; sourceTree = "<group>"; };
		692ED2B01796F466008554F9 /* DictionaryTableViewController.h */ = {isa = PBXFileReference; fileEncoding = 4; lastKnownFileType = sourcecode.c.h; name = DictionaryTableViewController.h; path = ../DictionaryTableViewController.h; sourceTree = "<group>"; };
		692ED2B11796F466008554F9 /* DictionaryTableViewController.m */ = {isa = PBXFileReference; fileEncoding = 4; lastKnownFileType = sourcecode.c.objc; name = DictionaryTableViewController.m; path = ../DictionaryTableViewController.m; sourceTree = "<group>"; };
		692ED2B31796F48B008554F9 /* WordDetailViewController.h */ = {isa = PBXFileReference; fileEncoding = 4; lastKnownFileType = sourcecode.c.h; path = WordDetailViewController.h; sourceTree = "<group>"; };
		692ED2B41796F48B008554F9 /* WordDetailViewController.m */ = {isa = PBXFileReference; fileEncoding = 4; lastKnownFileType = sourcecode.c.objc; path = WordDetailViewController.m; sourceTree = "<group>"; };
		6939B7CC1AB5BF8100DBA0E6 /* Accounts.framework */ = {isa = PBXFileReference; lastKnownFileType = wrapper.framework; name = Accounts.framework; path = System/Library/Frameworks/Accounts.framework; sourceTree = SDKROOT; };
		6939B7CD1AB5BF8100DBA0E6 /* AddressBook.framework */ = {isa = PBXFileReference; lastKnownFileType = wrapper.framework; name = AddressBook.framework; path = System/Library/Frameworks/AddressBook.framework; sourceTree = SDKROOT; };
		6939B7CE1AB5BF8100DBA0E6 /* CoreText.framework */ = {isa = PBXFileReference; lastKnownFileType = wrapper.framework; name = CoreText.framework; path = System/Library/Frameworks/CoreText.framework; sourceTree = SDKROOT; };
		6939B7CF1AB5BF8100DBA0E6 /* Security.framework */ = {isa = PBXFileReference; lastKnownFileType = wrapper.framework; name = Security.framework; path = System/Library/Frameworks/Security.framework; sourceTree = SDKROOT; };
		6939B7D01AB5BF8100DBA0E6 /* QuartzCore.framework */ = {isa = PBXFileReference; lastKnownFileType = wrapper.framework; name = QuartzCore.framework; path = System/Library/Frameworks/QuartzCore.framework; sourceTree = SDKROOT; };
		6946C91B1B2EF7AF00631421 /* SystemConfiguration.framework */ = {isa = PBXFileReference; lastKnownFileType = wrapper.framework; name = SystemConfiguration.framework; path = System/Library/Frameworks/SystemConfiguration.framework; sourceTree = SDKROOT; };
		6946C91C1B2EF7AF00631421 /* libc++.dylib */ = {isa = PBXFileReference; lastKnownFileType = "compiled.mach-o.dylib"; name = "libc++.dylib"; path = "usr/lib/libc++.dylib"; sourceTree = SDKROOT; };
		6946C91D1B2EF7AF00631421 /* libz.dylib */ = {isa = PBXFileReference; lastKnownFileType = "compiled.mach-o.dylib"; name = libz.dylib; path = usr/lib/libz.dylib; sourceTree = SDKROOT; };
		6946C91E1B2EF7AF00631421 /* Fabric.framework */ = {isa = PBXFileReference; lastKnownFileType = wrapper.framework; path = Fabric.framework; sourceTree = "<group>"; };
		6946C91F1B2EF7AF00631421 /* Crashlytics.framework */ = {isa = PBXFileReference; lastKnownFileType = wrapper.framework; path = Crashlytics.framework; sourceTree = "<group>"; };
		694E87981A55C5AB00CE4A37 /* LinksTableViewController.h */ = {isa = PBXFileReference; fileEncoding = 4; lastKnownFileType = sourcecode.c.h; path = LinksTableViewController.h; sourceTree = "<group>"; };
		694E87991A55C5AB00CE4A37 /* LinksTableViewController.m */ = {isa = PBXFileReference; fileEncoding = 4; lastKnownFileType = sourcecode.c.objc; path = LinksTableViewController.m; sourceTree = "<group>"; };
		694E879C1A55D52400CE4A37 /* WebViewController.h */ = {isa = PBXFileReference; fileEncoding = 4; lastKnownFileType = sourcecode.c.h; path = WebViewController.h; sourceTree = "<group>"; };
		694E879D1A55D52400CE4A37 /* WebViewController.m */ = {isa = PBXFileReference; fileEncoding = 4; lastKnownFileType = sourcecode.c.objc; path = WebViewController.m; sourceTree = "<group>"; };
		694E87A21A56504F00CE4A37 /* Source.h */ = {isa = PBXFileReference; fileEncoding = 4; lastKnownFileType = sourcecode.c.h; path = Source.h; sourceTree = "<group>"; };
		694E87A31A56504F00CE4A37 /* Source.m */ = {isa = PBXFileReference; fileEncoding = 4; lastKnownFileType = sourcecode.c.objc; path = Source.m; sourceTree = "<group>"; };
		6954D6FD1A884E17004374F0 /* AboutViewController.h */ = {isa = PBXFileReference; fileEncoding = 4; lastKnownFileType = sourcecode.c.h; name = AboutViewController.h; path = ../AboutViewController.h; sourceTree = "<group>"; };
		6954D6FE1A884E17004374F0 /* AboutViewController.m */ = {isa = PBXFileReference; fileEncoding = 4; lastKnownFileType = sourcecode.c.objc; name = AboutViewController.m; path = ../AboutViewController.m; sourceTree = "<group>"; };
		695847CC1AB5C9B90085251C /* TwitterTableViewController.h */ = {isa = PBXFileReference; fileEncoding = 4; lastKnownFileType = sourcecode.c.h; name = TwitterTableViewController.h; path = ../TwitterTableViewController.h; sourceTree = "<group>"; };
		695847CD1AB5C9B90085251C /* TwitterTableViewController.m */ = {isa = PBXFileReference; fileEncoding = 4; lastKnownFileType = sourcecode.c.objc; name = TwitterTableViewController.m; path = ../TwitterTableViewController.m; sourceTree = "<group>"; };
		6960659A1B3C8D77003B500D /* SourcesWebViewController.h */ = {isa = PBXFileReference; fileEncoding = 4; lastKnownFileType = sourcecode.c.h; name = SourcesWebViewController.h; path = ../SourcesWebViewController.h; sourceTree = "<group>"; };
		6960659B1B3C8D77003B500D /* SourcesWebViewController.m */ = {isa = PBXFileReference; fileEncoding = 4; lastKnownFileType = sourcecode.c.objc; name = SourcesWebViewController.m; path = ../SourcesWebViewController.m; sourceTree = "<group>"; };
		69739B541A36897F008BAB06 /* SearchBarViewController.h */ = {isa = PBXFileReference; fileEncoding = 4; lastKnownFileType = sourcecode.c.h; path = SearchBarViewController.h; sourceTree = "<group>"; };
		69739B551A36897F008BAB06 /* SearchBarViewController.m */ = {isa = PBXFileReference; fileEncoding = 4; lastKnownFileType = sourcecode.c.objc; path = SearchBarViewController.m; sourceTree = "<group>"; };
		6975A2211B53413100BCB4B7 /* CustomTabsViewController.h */ = {isa = PBXFileReference; fileEncoding = 4; lastKnownFileType = sourcecode.c.h; path = CustomTabsViewController.h; sourceTree = "<group>"; };
		6975A2221B53413100BCB4B7 /* CustomTabsViewController.m */ = {isa = PBXFileReference; fileEncoding = 4; lastKnownFileType = sourcecode.c.objc; path = CustomTabsViewController.m; sourceTree = "<group>"; };
		6975A2241B53437300BCB4B7 /* SourcesNavCon.h */ = {isa = PBXFileReference; fileEncoding = 4; lastKnownFileType = sourcecode.c.h; path = SourcesNavCon.h; sourceTree = "<group>"; };
		6975A2251B53437300BCB4B7 /* SourcesNavCon.m */ = {isa = PBXFileReference; fileEncoding = 4; lastKnownFileType = sourcecode.c.objc; path = SourcesNavCon.m; sourceTree = "<group>"; };
		6975A2271B53442200BCB4B7 /* ReferenceNavCon.h */ = {isa = PBXFileReference; fileEncoding = 4; lastKnownFileType = sourcecode.c.h; name = ReferenceNavCon.h; path = theologica/ReferenceNavCon.h; sourceTree = "<group>"; };
		6975A2281B53442200BCB4B7 /* ReferenceNavCon.m */ = {isa = PBXFileReference; fileEncoding = 4; lastKnownFileType = sourcecode.c.objc; name = ReferenceNavCon.m; path = theologica/ReferenceNavCon.m; sourceTree = "<group>"; };
		6975A22A1B5344ED00BCB4B7 /* DictionaryNavCon.h */ = {isa = PBXFileReference; fileEncoding = 4; lastKnownFileType = sourcecode.c.h; name = DictionaryNavCon.h; path = ../DictionaryNavCon.h; sourceTree = "<group>"; };
		6975A22B1B5344ED00BCB4B7 /* DictionaryNavCon.m */ = {isa = PBXFileReference; fileEncoding = 4; lastKnownFileType = sourcecode.c.objc; name = DictionaryNavCon.m; path = ../DictionaryNavCon.m; sourceTree = "<group>"; };
		6975A22D1B53458700BCB4B7 /* MapsNavCon.h */ = {isa = PBXFileReference; fileEncoding = 4; lastKnownFileType = sourcecode.c.h; path = MapsNavCon.h; sourceTree = "<group>"; };
		6975A22E1B53458700BCB4B7 /* MapsNavCon.m */ = {isa = PBXFileReference; fileEncoding = 4; lastKnownFileType = sourcecode.c.objc; path = MapsNavCon.m; sourceTree = "<group>"; };
		6975A2301B53460500BCB4B7 /* ExplorationsNavCon.h */ = {isa = PBXFileReference; fileEncoding = 4; lastKnownFileType = sourcecode.c.h; path = ExplorationsNavCon.h; sourceTree = "<group>"; };
		6975A2311B53460500BCB4B7 /* ExplorationsNavCon.m */ = {isa = PBXFileReference; fileEncoding = 4; lastKnownFileType = sourcecode.c.objc; path = ExplorationsNavCon.m; sourceTree = "<group>"; };
		6976E3011A6F3E8D0013A6D5 /* Links.plist */ = {isa = PBXFileReference; fileEncoding = 4; lastKnownFileType = text.plist.xml; path = Links.plist; sourceTree = "<group>"; };
		698893B61A5E24CE00D1AC74 /* SourcesDetailViewController.h */ = {isa = PBXFileReference; fileEncoding = 4; lastKnownFileType = sourcecode.c.h; path = SourcesDetailViewController.h; sourceTree = "<group>"; };
		698893B71A5E24CE00D1AC74 /* SourcesDetailViewController.m */ = {isa = PBXFileReference; fileEncoding = 4; lastKnownFileType = sourcecode.c.objc; path = SourcesDetailViewController.m; sourceTree = "<group>"; };
		6988A9481A3E8DEB005A1B65 /* MapViewController.h */ = {isa = PBXFileReference; fileEncoding = 4; lastKnownFileType = sourcecode.c.h; name = MapViewController.h; path = ../MapViewController.h; sourceTree = "<group>"; };
		6988A9491A3E8DEB005A1B65 /* MapViewController.m */ = {isa = PBXFileReference; fileEncoding = 4; lastKnownFileType = sourcecode.c.objc; name = MapViewController.m; path = ../MapViewController.m; sourceTree = "<group>"; };
		698F27AC1A6D837F0065F8A6 /* theologica.entitlements */ = {isa = PBXFileReference; lastKnownFileType = text.xml; name = theologica.entitlements; path = theologica/theologica.entitlements; sourceTree = "<group>"; };
		698F27AD1A6D85260065F8A6 /* CloudKit.framework */ = {isa = PBXFileReference; lastKnownFileType = wrapper.framework; name = CloudKit.framework; path = System/Library/Frameworks/CloudKit.framework; sourceTree = SDKROOT; };
		699416E31B5889BE006D51BD /* AboutNavCon.h */ = {isa = PBXFileReference; fileEncoding = 4; lastKnownFileType = sourcecode.c.h; path = AboutNavCon.h; sourceTree = "<group>"; };
		699416E41B5889BE006D51BD /* AboutNavCon.m */ = {isa = PBXFileReference; fileEncoding = 4; lastKnownFileType = sourcecode.c.objc; path = AboutNavCon.m; sourceTree = "<group>"; };
		69989AC519FF2D5D0009ABAE /* NotificationCenter.framework */ = {isa = PBXFileReference; lastKnownFileType = wrapper.framework; name = NotificationCenter.framework; path = System/Library/Frameworks/NotificationCenter.framework; sourceTree = SDKROOT; };
		69B52BAA1A0EF6C100C23B47 /* Launch Screen.xib */ = {isa = PBXFileReference; fileEncoding = 4; lastKnownFileType = file.xib; path = "Launch Screen.xib"; sourceTree = "<group>"; };
		69B8D9361A4122B300186EA2 /* BiblicalPins.h */ = {isa = PBXFileReference; fileEncoding = 4; lastKnownFileType = sourcecode.c.h; path = BiblicalPins.h; sourceTree = "<group>"; };
		69B8D9371A4122B300186EA2 /* BiblicalPins.m */ = {isa = PBXFileReference; fileEncoding = 4; lastKnownFileType = sourcecode.c.objc; path = BiblicalPins.m; sourceTree = "<group>"; };
		69B8D9391A4138B600186EA2 /* CoreLocation.framework */ = {isa = PBXFileReference; lastKnownFileType = wrapper.framework; name = CoreLocation.framework; path = System/Library/Frameworks/CoreLocation.framework; sourceTree = SDKROOT; };
		69BB25471A130F2E00B3F5B5 /* WordDataSource.h */ = {isa = PBXFileReference; fileEncoding = 4; lastKnownFileType = sourcecode.c.h; path = WordDataSource.h; sourceTree = "<group>"; };
		69BB25481A130F2E00B3F5B5 /* WordDataSource.m */ = {isa = PBXFileReference; fileEncoding = 4; lastKnownFileType = sourcecode.c.objc; path = WordDataSource.m; sourceTree = "<group>"; };
		69D4C4B61B117D07009B5FE0 /* SourceContentViewController.h */ = {isa = PBXFileReference; fileEncoding = 4; lastKnownFileType = sourcecode.c.h; path = SourceContentViewController.h; sourceTree = "<group>"; };
		69D4C4B71B117D07009B5FE0 /* SourceContentViewController.m */ = {isa = PBXFileReference; fileEncoding = 4; lastKnownFileType = sourcecode.c.objc; path = SourceContentViewController.m; sourceTree = "<group>"; };
		69D4C4B91B117D1E009B5FE0 /* SignContentViewController.h */ = {isa = PBXFileReference; fileEncoding = 4; lastKnownFileType = sourcecode.c.h; path = SignContentViewController.h; sourceTree = "<group>"; };
		69D4C4BA1B117D1E009B5FE0 /* SignContentViewController.m */ = {isa = PBXFileReference; fileEncoding = 4; lastKnownFileType = sourcecode.c.objc; path = SignContentViewController.m; sourceTree = "<group>"; };
		69D6284A1A47617B0073C157 /* HistoricalPins.h */ = {isa = PBXFileReference; fileEncoding = 4; lastKnownFileType = sourcecode.c.h; path = HistoricalPins.h; sourceTree = "<group>"; };
		69D6284B1A47617B0073C157 /* HistoricalPins.m */ = {isa = PBXFileReference; fileEncoding = 4; lastKnownFileType = sourcecode.c.objc; path = HistoricalPins.m; sourceTree = "<group>"; };
		69D6284D1A4762830073C157 /* SocialPins.h */ = {isa = PBXFileReference; fileEncoding = 4; lastKnownFileType = sourcecode.c.h; path = SocialPins.h; sourceTree = "<group>"; };
		69D6284E1A4762830073C157 /* SocialPins.m */ = {isa = PBXFileReference; fileEncoding = 4; lastKnownFileType = sourcecode.c.objc; path = SocialPins.m; sourceTree = "<group>"; };
		69F802B91B3A4F8E002A5C8C /* Explorations.plist */ = {isa = PBXFileReference; fileEncoding = 4; lastKnownFileType = text.plist.xml; path = Explorations.plist; sourceTree = "<group>"; };
		69F802BB1B3A50AE002A5C8C /* ExplorationsTableViewController.h */ = {isa = PBXFileReference; fileEncoding = 4; lastKnownFileType = sourcecode.c.h; name = ExplorationsTableViewController.h; path = ../ExplorationsTableViewController.h; sourceTree = "<group>"; };
		69F802BC1B3A50AE002A5C8C /* ExplorationsTableViewController.m */ = {isa = PBXFileReference; fileEncoding = 4; lastKnownFileType = sourcecode.c.objc; name = ExplorationsTableViewController.m; path = ../ExplorationsTableViewController.m; sourceTree = "<group>"; };
		69FB18E91A0051C500F1C9A4 /* Word.h */ = {isa = PBXFileReference; fileEncoding = 4; lastKnownFileType = sourcecode.c.h; path = Word.h; sourceTree = "<group>"; };
		69FB18EA1A0051C500F1C9A4 /* Word.m */ = {isa = PBXFileReference; fileEncoding = 4; lastKnownFileType = sourcecode.c.objc; path = Word.m; sourceTree = "<group>"; };
		9BA06E2C1A833AD400A6A19E /* theologica.xcdatamodel */ = {isa = PBXFileReference; lastKnownFileType = wrapper.xcdatamodel; path = theologica.xcdatamodel; sourceTree = "<group>"; };
		9BA06E311A833B4800A6A19E /* TADataStore.h */ = {isa = PBXFileReference; fileEncoding = 4; lastKnownFileType = sourcecode.c.h; path = TADataStore.h; sourceTree = "<group>"; };
		9BA06E321A833B4800A6A19E /* TADataStore.m */ = {isa = PBXFileReference; fileEncoding = 4; lastKnownFileType = sourcecode.c.objc; path = TADataStore.m; sourceTree = "<group>"; };
		9BA06E6C1A833F9200A6A19E /* TAWord.h */ = {isa = PBXFileReference; fileEncoding = 4; lastKnownFileType = sourcecode.c.h; path = TAWord.h; sourceTree = "<group>"; };
		9BA06E6D1A833F9200A6A19E /* TAWord.m */ = {isa = PBXFileReference; fileEncoding = 4; lastKnownFileType = sourcecode.c.objc; path = TAWord.m; sourceTree = "<group>"; };
		9BA06E6F1A83631900A6A19E /* CoreData.framework */ = {isa = PBXFileReference; lastKnownFileType = wrapper.framework; name = CoreData.framework; path = System/Library/Frameworks/CoreData.framework; sourceTree = SDKROOT; };
		FA0BAF761A4333DE00AF6DFB /* MapDetailViewController.h */ = {isa = PBXFileReference; fileEncoding = 4; lastKnownFileType = sourcecode.c.h; path = MapDetailViewController.h; sourceTree = "<group>"; };
		FA0BAF771A4333DE00AF6DFB /* MapDetailViewController.m */ = {isa = PBXFileReference; fileEncoding = 4; lastKnownFileType = sourcecode.c.objc; path = MapDetailViewController.m; sourceTree = "<group>"; };
		FA3683CC1A1144F300E9740F /* Social.framework */ = {isa = PBXFileReference; lastKnownFileType = wrapper.framework; name = Social.framework; path = System/Library/Frameworks/Social.framework; sourceTree = SDKROOT; };
		FA3683D21A1155AA00E9740F /* MobileCoreServices.framework */ = {isa = PBXFileReference; lastKnownFileType = wrapper.framework; name = MobileCoreServices.framework; path = System/Library/Frameworks/MobileCoreServices.framework; sourceTree = SDKROOT; };
		FA84505A1A129CA0007839D8 /* bookmarkListTableViewController.h */ = {isa = PBXFileReference; fileEncoding = 4; lastKnownFileType = sourcecode.c.h; path = bookmarkListTableViewController.h; sourceTree = "<group>"; };
		FA84505B1A129CA0007839D8 /* bookmarkListTableViewController.m */ = {isa = PBXFileReference; fileEncoding = 4; lastKnownFileType = sourcecode.c.objc; path = bookmarkListTableViewController.m; sourceTree = "<group>"; };
		FA9323081A1E6DE8008CF833 /* MapKit.framework */ = {isa = PBXFileReference; lastKnownFileType = wrapper.framework; name = MapKit.framework; path = System/Library/Frameworks/MapKit.framework; sourceTree = SDKROOT; };
/* End PBXFileReference section */

/* Begin PBXFrameworksBuildPhase section */
		692ED2441796D552008554F9 /* Frameworks */ = {
			isa = PBXFrameworksBuildPhase;
			buildActionMask = 2147483647;
			files = (
				6939B7D81AB5BF8100DBA0E6 /* QuartzCore.framework in Frameworks */,
				6946C9201B2EF7AF00631421 /* SystemConfiguration.framework in Frameworks */,
				6946C9241B2EF7AF00631421 /* Crashlytics.framework in Frameworks */,
				9BA06E701A83631900A6A19E /* CoreData.framework in Frameworks */,
				6946C9221B2EF7AF00631421 /* libz.dylib in Frameworks */,
				6939B7D71AB5BF8100DBA0E6 /* Security.framework in Frameworks */,
				6946C9231B2EF7AF00631421 /* Fabric.framework in Frameworks */,
				6939B7D41AB5BF8100DBA0E6 /* Accounts.framework in Frameworks */,
				69B8D93A1A4138B600186EA2 /* CoreLocation.framework in Frameworks */,
				6939B7D61AB5BF8100DBA0E6 /* CoreText.framework in Frameworks */,
				FA9323091A1E6DE8008CF833 /* MapKit.framework in Frameworks */,
				FA3683D31A1155AA00E9740F /* MobileCoreServices.framework in Frameworks */,
				FA3683CD1A1144F300E9740F /* Social.framework in Frameworks */,
				692ED24B1796D552008554F9 /* UIKit.framework in Frameworks */,
				698F27AE1A6D85260065F8A6 /* CloudKit.framework in Frameworks */,
				692ED24D1796D552008554F9 /* Foundation.framework in Frameworks */,
				6939B7D51AB5BF8100DBA0E6 /* AddressBook.framework in Frameworks */,
				6946C9211B2EF7AF00631421 /* libc++.dylib in Frameworks */,
				692ED24F1796D552008554F9 /* CoreGraphics.framework in Frameworks */,
			);
			runOnlyForDeploymentPostprocessing = 0;
		};
/* End PBXFrameworksBuildPhase section */

/* Begin PBXGroup section */
		6907A2081A14525300EA7CF4 /* View */ = {
			isa = PBXGroup;
			children = (
				69B52BAA1A0EF6C100C23B47 /* Launch Screen.xib */,
				692ED2621796D552008554F9 /* MainStoryboard.storyboard */,
				6902FACD17F51D3E00299A50 /* Images.xcassets */,
			);
			name = View;
			sourceTree = "<group>";
		};
		6907EB591A7E7ABC00AE52A1 /* Verbatim */ = {
			isa = PBXGroup;
			children = (
				6975A2301B53460500BCB4B7 /* ExplorationsNavCon.h */,
				6975A2311B53460500BCB4B7 /* ExplorationsNavCon.m */,
				69F802BB1B3A50AE002A5C8C /* ExplorationsTableViewController.h */,
				69F802BC1B3A50AE002A5C8C /* ExplorationsTableViewController.m */,
				6907EB561A7E7AA300AE52A1 /* VerbatimViewController.h */,
				6907EB571A7E7AA300AE52A1 /* VerbatimViewController.m */,
			);
			name = Verbatim;
			sourceTree = "<group>";
		};
		692ED23E1796D552008554F9 = {
			isa = PBXGroup;
			children = (
				6976E3011A6F3E8D0013A6D5 /* Links.plist */,
				69F802B91B3A4F8E002A5C8C /* Explorations.plist */,
				698F27AC1A6D837F0065F8A6 /* theologica.entitlements */,
				6946C91B1B2EF7AF00631421 /* SystemConfiguration.framework */,
				6946C91C1B2EF7AF00631421 /* libc++.dylib */,
				6946C91D1B2EF7AF00631421 /* libz.dylib */,
				6946C91E1B2EF7AF00631421 /* Fabric.framework */,
				6946C91F1B2EF7AF00631421 /* Crashlytics.framework */,
				6939B7CC1AB5BF8100DBA0E6 /* Accounts.framework */,
				6939B7CD1AB5BF8100DBA0E6 /* AddressBook.framework */,
				6939B7CE1AB5BF8100DBA0E6 /* CoreText.framework */,
				6939B7CF1AB5BF8100DBA0E6 /* Security.framework */,
				6939B7D01AB5BF8100DBA0E6 /* QuartzCore.framework */,
				6907A2081A14525300EA7CF4 /* View */,
				692ED2501796D552008554F9 /* Controllers */,
				69BB25461A130E8200B3F5B5 /* Data Model */,
				692ED2511796D552008554F9 /* Supporting Files */,
				692ED2491796D552008554F9 /* Frameworks */,
				692ED2481796D552008554F9 /* Products */,
			);
			sourceTree = "<group>";
		};
		692ED2481796D552008554F9 /* Products */ = {
			isa = PBXGroup;
			children = (
				692ED2471796D552008554F9 /* theologica.app */,
			);
			name = Products;
			sourceTree = "<group>";
		};
		692ED2491796D552008554F9 /* Frameworks */ = {
			isa = PBXGroup;
			children = (
				9BA06E6F1A83631900A6A19E /* CoreData.framework */,
				698F27AD1A6D85260065F8A6 /* CloudKit.framework */,
				69B8D9391A4138B600186EA2 /* CoreLocation.framework */,
				FA9323081A1E6DE8008CF833 /* MapKit.framework */,
				FA3683D21A1155AA00E9740F /* MobileCoreServices.framework */,
				FA3683CC1A1144F300E9740F /* Social.framework */,
				692ED24A1796D552008554F9 /* UIKit.framework */,
				692ED24C1796D552008554F9 /* Foundation.framework */,
				692ED24E1796D552008554F9 /* CoreGraphics.framework */,
				69989AC519FF2D5D0009ABAE /* NotificationCenter.framework */,
			);
			name = Frameworks;
			sourceTree = "<group>";
		};
		692ED2501796D552008554F9 /* Controllers */ = {
			isa = PBXGroup;
			children = (
				69B7DF641A2128480033465A /* Sources */,
				6907EB591A7E7ABC00AE52A1 /* Verbatim */,
				69B7DF611A2127EA0033465A /* Dictionary */,
				FA4D5CB01A41BFD9002B40F2 /* Map */,
				694E879B1A55C5B700CE4A37 /* Links */,
			);
			name = Controllers;
			path = theologica;
			sourceTree = "<group>";
		};
		692ED2511796D552008554F9 /* Supporting Files */ = {
			isa = PBXGroup;
			children = (
				692ED2591796D552008554F9 /* AppDelegate.h */,
				692ED25A1796D552008554F9 /* AppDelegate.m */,
				692ED2521796D552008554F9 /* theologica-Info.plist */,
				692ED2531796D552008554F9 /* InfoPlist.strings */,
				692ED2561796D552008554F9 /* main.m */,
				692ED2581796D552008554F9 /* theologica-Prefix.pch */,
			);
			name = "Supporting Files";
			path = theologica;
			sourceTree = "<group>";
		};
		694E879B1A55C5B700CE4A37 /* Links */ = {
			isa = PBXGroup;
			children = (
				6975A2271B53442200BCB4B7 /* ReferenceNavCon.h */,
				6975A2281B53442200BCB4B7 /* ReferenceNavCon.m */,
				694E87981A55C5AB00CE4A37 /* LinksTableViewController.h */,
				694E87991A55C5AB00CE4A37 /* LinksTableViewController.m */,
				694E879C1A55D52400CE4A37 /* WebViewController.h */,
				694E879D1A55D52400CE4A37 /* WebViewController.m */,
			);
			name = Links;
			path = ..;
			sourceTree = "<group>";
		};
		694E879F1A564F6F00CE4A37 /* Sources */ = {
			isa = PBXGroup;
			children = (
				694E87A21A56504F00CE4A37 /* Source.h */,
				694E87A31A56504F00CE4A37 /* Source.m */,
			);
			name = Sources;
			sourceTree = "<group>";
		};
		694E87A01A564F7C00CE4A37 /* Dictionary */ = {
			isa = PBXGroup;
			children = (
				69FB18E91A0051C500F1C9A4 /* Word.h */,
				69FB18EA1A0051C500F1C9A4 /* Word.m */,
				69BB25471A130F2E00B3F5B5 /* WordDataSource.h */,
				69BB25481A130F2E00B3F5B5 /* WordDataSource.m */,
			);
			name = Dictionary;
			sourceTree = "<group>";
		};
		694E87A11A564F8A00CE4A37 /* Map */ = {
			isa = PBXGroup;
			children = (
				69B8D9361A4122B300186EA2 /* BiblicalPins.h */,
				69B8D9371A4122B300186EA2 /* BiblicalPins.m */,
				69D6284A1A47617B0073C157 /* HistoricalPins.h */,
				69D6284B1A47617B0073C157 /* HistoricalPins.m */,
				69D6284D1A4762830073C157 /* SocialPins.h */,
				69D6284E1A4762830073C157 /* SocialPins.m */,
			);
			name = Map;
			sourceTree = "<group>";
		};
		69B7DF611A2127EA0033465A /* Dictionary */ = {
			isa = PBXGroup;
			children = (
				6975A22A1B5344ED00BCB4B7 /* DictionaryNavCon.h */,
				6975A22B1B5344ED00BCB4B7 /* DictionaryNavCon.m */,
				FA84505A1A129CA0007839D8 /* bookmarkListTableViewController.h */,
				FA84505B1A129CA0007839D8 /* bookmarkListTableViewController.m */,
				692ED2B01796F466008554F9 /* DictionaryTableViewController.h */,
				692ED2B11796F466008554F9 /* DictionaryTableViewController.m */,
				692ED2B31796F48B008554F9 /* WordDetailViewController.h */,
				692ED2B41796F48B008554F9 /* WordDetailViewController.m */,
				69739B541A36897F008BAB06 /* SearchBarViewController.h */,
				69739B551A36897F008BAB06 /* SearchBarViewController.m */,
			);
			name = Dictionary;
			sourceTree = "<group>";
		};
		69B7DF641A2128480033465A /* Sources */ = {
			isa = PBXGroup;
			children = (
				6975A2211B53413100BCB4B7 /* CustomTabsViewController.h */,
				6975A2221B53413100BCB4B7 /* CustomTabsViewController.m */,
				6975A2241B53437300BCB4B7 /* SourcesNavCon.h */,
				6975A2251B53437300BCB4B7 /* SourcesNavCon.m */,
				690D0B9D1B13A57800A1F327 /* RootViewController.h */,
				690D0B9E1B13A57800A1F327 /* RootViewController.m */,
				69D4C4B61B117D07009B5FE0 /* SourceContentViewController.h */,
				69D4C4B71B117D07009B5FE0 /* SourceContentViewController.m */,
				69D4C4B91B117D1E009B5FE0 /* SignContentViewController.h */,
				69D4C4BA1B117D1E009B5FE0 /* SignContentViewController.m */,
				699416E31B5889BE006D51BD /* AboutNavCon.h */,
				699416E41B5889BE006D51BD /* AboutNavCon.m */,
				6954D6FD1A884E17004374F0 /* AboutViewController.h */,
				6954D6FE1A884E17004374F0 /* AboutViewController.m */,
				695847CC1AB5C9B90085251C /* TwitterTableViewController.h */,
				695847CD1AB5C9B90085251C /* TwitterTableViewController.m */,
				698893B61A5E24CE00D1AC74 /* SourcesDetailViewController.h */,
				698893B71A5E24CE00D1AC74 /* SourcesDetailViewController.m */,
				6960659A1B3C8D77003B500D /* SourcesWebViewController.h */,
				6960659B1B3C8D77003B500D /* SourcesWebViewController.m */,
			);
			name = Sources;
			sourceTree = "<group>";
		};
		69BB25461A130E8200B3F5B5 /* Data Model */ = {
			isa = PBXGroup;
			children = (
				9BA06E2A1A833AB800A6A19E /* CoreData */,
				694E879F1A564F6F00CE4A37 /* Sources */,
				694E87A01A564F7C00CE4A37 /* Dictionary */,
				694E87A11A564F8A00CE4A37 /* Map */,
			);
			name = "Data Model";
			path = theologica;
			sourceTree = "<group>";
		};
		9BA06E2A1A833AB800A6A19E /* CoreData */ = {
			isa = PBXGroup;
			children = (
				9BA06E2B1A833AD400A6A19E /* theologica.xcdatamodeld */,
				9BA06E6C1A833F9200A6A19E /* TAWord.h */,
				9BA06E6D1A833F9200A6A19E /* TAWord.m */,
				9BA06E311A833B4800A6A19E /* TADataStore.h */,
				9BA06E321A833B4800A6A19E /* TADataStore.m */,
			);
			name = CoreData;
			sourceTree = "<group>";
		};
		FA4D5CB01A41BFD9002B40F2 /* Map */ = {
			isa = PBXGroup;
			children = (
				6975A22D1B53458700BCB4B7 /* MapsNavCon.h */,
				6975A22E1B53458700BCB4B7 /* MapsNavCon.m */,
				6988A9481A3E8DEB005A1B65 /* MapViewController.h */,
				6988A9491A3E8DEB005A1B65 /* MapViewController.m */,
				FA0BAF761A4333DE00AF6DFB /* MapDetailViewController.h */,
				FA0BAF771A4333DE00AF6DFB /* MapDetailViewController.m */,
			);
			name = Map;
			sourceTree = "<group>";
		};
/* End PBXGroup section */

/* Begin PBXNativeTarget section */
		692ED2461796D552008554F9 /* theologica */ = {
			isa = PBXNativeTarget;
			buildConfigurationList = 692ED2751796D552008554F9 /* Build configuration list for PBXNativeTarget "theologica" */;
			buildPhases = (
				692ED2431796D552008554F9 /* Sources */,
				692ED2441796D552008554F9 /* Frameworks */,
				692ED2451796D552008554F9 /* Resources */,
				69989AD519FF2D5D0009ABAE /* Embed App Extensions */,
				6939B7C81AB5BF4600DBA0E6 /* ShellScript */,
				6941CFFF1B2EB5FA00995112 /* ShellScript */,
				69E151C81B69D53B0002A35F /* Embed Frameworks */,
			);
			buildRules = (
			);
			dependencies = (
			);
			name = theologica;
			productName = theologica;
			productReference = 692ED2471796D552008554F9 /* theologica.app */;
			productType = "com.apple.product-type.application";
		};
/* End PBXNativeTarget section */

/* Begin PBXProject section */
		692ED23F1796D552008554F9 /* Project object */ = {
			isa = PBXProject;
			attributes = {
				LastUpgradeCheck = 0460;
				ORGANIZATIONNAME = techrament;
				TargetAttributes = {
					692ED2461796D552008554F9 = {
						DevelopmentTeam = M9E78PZP5E;
						SystemCapabilities = {
							com.apple.iCloud = {
								enabled = 1;
							};
						};
					};
				};
			};
			buildConfigurationList = 692ED2421796D552008554F9 /* Build configuration list for PBXProject "theologica" */;
			compatibilityVersion = "Xcode 3.2";
			developmentRegion = English;
			hasScannedForEncodings = 0;
			knownRegions = (
				en,
			);
			mainGroup = 692ED23E1796D552008554F9;
			productRefGroup = 692ED2481796D552008554F9 /* Products */;
			projectDirPath = "";
			projectRoot = "";
			targets = (
				692ED2461796D552008554F9 /* theologica */,
			);
		};
/* End PBXProject section */

/* Begin PBXResourcesBuildPhase section */
		692ED2451796D552008554F9 /* Resources */ = {
			isa = PBXResourcesBuildPhase;
			buildActionMask = 2147483647;
			files = (
				692ED2551796D552008554F9 /* InfoPlist.strings in Resources */,
				692ED2641796D552008554F9 /* MainStoryboard.storyboard in Resources */,
				69B52BAB1A0EF6C100C23B47 /* Launch Screen.xib in Resources */,
				6902FACE17F51D3E00299A50 /* Images.xcassets in Resources */,
				6976E3021A6F3E8D0013A6D5 /* Links.plist in Resources */,
				69F802BA1B3A4F8E002A5C8C /* Explorations.plist in Resources */,
			);
			runOnlyForDeploymentPostprocessing = 0;
		};
/* End PBXResourcesBuildPhase section */

/* Begin PBXShellScriptBuildPhase section */
		6939B7C81AB5BF4600DBA0E6 /* ShellScript */ = {
			isa = PBXShellScriptBuildPhase;
			buildActionMask = 2147483647;
			files = (
			);
			inputPaths = (
			);
			outputPaths = (
			);
			runOnlyForDeploymentPostprocessing = 0;
			shellPath = /bin/sh;
			shellScript = "
";
		};
		6941CFFF1B2EB5FA00995112 /* ShellScript */ = {
			isa = PBXShellScriptBuildPhase;
			buildActionMask = 2147483647;
			files = (
			);
			inputPaths = (
			);
			outputPaths = (
			);
			runOnlyForDeploymentPostprocessing = 0;
			shellPath = /bin/sh;
			shellScript = "./Fabric.framework/run b7cd02ca1403c5d3fa11e3bf454efa27752215ed 4cd45286540a9b2a4fe485af26e38503cc8e5b1306c7d408e6cdc8f46c9743d8";
		};
/* End PBXShellScriptBuildPhase section */

/* Begin PBXSourcesBuildPhase section */
		692ED2431796D552008554F9 /* Sources */ = {
			isa = PBXSourcesBuildPhase;
			buildActionMask = 2147483647;
			files = (
				69B8D9381A4122B300186EA2 /* BiblicalPins.m in Sources */,
				695847CE1AB5C9B90085251C /* TwitterTableViewController.m in Sources */,
				6960659C1B3C8D77003B500D /* SourcesWebViewController.m in Sources */,
				692ED2571796D552008554F9 /* main.m in Sources */,
				69D4C4BB1B117D1E009B5FE0 /* SignContentViewController.m in Sources */,
				692ED25B1796D552008554F9 /* AppDelegate.m in Sources */,
				69D6284F1A4762830073C157 /* SocialPins.m in Sources */,
				6975A22C1B5344ED00BCB4B7 /* DictionaryNavCon.m in Sources */,
				69BB25491A130F2E00B3F5B5 /* WordDataSource.m in Sources */,
				692ED2B21796F466008554F9 /* DictionaryTableViewController.m in Sources */,
				6975A2291B53442200BCB4B7 /* ReferenceNavCon.m in Sources */,
				699416E51B5889BE006D51BD /* AboutNavCon.m in Sources */,
				69739B561A36897F008BAB06 /* SearchBarViewController.m in Sources */,
				692ED2B51796F48B008554F9 /* WordDetailViewController.m in Sources */,
				6960CA501B8C11A50072FCB3 /* TADataStore.m in Sources */,
				9BA06E2D1A833AD400A6A19E /* theologica.xcdatamodeld in Sources */,
				69D6284C1A47617B0073C157 /* HistoricalPins.m in Sources */,
				6975A2321B53460500BCB4B7 /* ExplorationsNavCon.m in Sources */,
				69F802BD1B3A50AE002A5C8C /* ExplorationsTableViewController.m in Sources */,
				FA84505C1A129CA0007839D8 /* bookmarkListTableViewController.m in Sources */,
				6907EB581A7E7AA300AE52A1 /* VerbatimViewController.m in Sources */,
				694E87A41A56504F00CE4A37 /* Source.m in Sources */,
				694E879A1A55C5AB00CE4A37 /* LinksTableViewController.m in Sources */,
				6954D6FF1A884E17004374F0 /* AboutViewController.m in Sources */,
				6975A2261B53437300BCB4B7 /* SourcesNavCon.m in Sources */,
				6960CA511B8C11BA0072FCB3 /* TAWord.m in Sources */,
				694E879E1A55D52400CE4A37 /* WebViewController.m in Sources */,
				690D0B9F1B13A57800A1F327 /* RootViewController.m in Sources */,
				6975A22F1B53458700BCB4B7 /* MapsNavCon.m in Sources */,
				FA0BAF781A4333DE00AF6DFB /* MapDetailViewController.m in Sources */,
				698893B81A5E24CE00D1AC74 /* SourcesDetailViewController.m in Sources */,
				69FB18EB1A0051C500F1C9A4 /* Word.m in Sources */,
				6988A94A1A3E8DEB005A1B65 /* MapViewController.m in Sources */,
				69D4C4B81B117D07009B5FE0 /* SourceContentViewController.m in Sources */,
				6975A2231B53413100BCB4B7 /* CustomTabsViewController.m in Sources */,
			);
			runOnlyForDeploymentPostprocessing = 0;
		};
/* End PBXSourcesBuildPhase section */

/* Begin PBXVariantGroup section */
		692ED2531796D552008554F9 /* InfoPlist.strings */ = {
			isa = PBXVariantGroup;
			children = (
				692ED2541796D552008554F9 /* en */,
			);
			name = InfoPlist.strings;
			sourceTree = "<group>";
		};
		692ED2621796D552008554F9 /* MainStoryboard.storyboard */ = {
			isa = PBXVariantGroup;
			children = (
				692ED2631796D552008554F9 /* en */,
			);
			name = MainStoryboard.storyboard;
			path = theologica;
			sourceTree = "<group>";
		};
/* End PBXVariantGroup section */

/* Begin XCBuildConfiguration section */
		692ED2731796D552008554F9 /* Debug */ = {
			isa = XCBuildConfiguration;
			buildSettings = {
				ALWAYS_SEARCH_USER_PATHS = NO;
				CLANG_CXX_LANGUAGE_STANDARD = "gnu++0x";
				CLANG_CXX_LIBRARY = "libc++";
				CLANG_ENABLE_OBJC_ARC = YES;
				CLANG_WARN_CONSTANT_CONVERSION = YES;
				CLANG_WARN_EMPTY_BODY = YES;
				CLANG_WARN_ENUM_CONVERSION = YES;
				CLANG_WARN_INT_CONVERSION = YES;
				CLANG_WARN__DUPLICATE_METHOD_MATCH = YES;
				"CODE_SIGN_IDENTITY[sdk=iphoneos*]" = "iPhone Developer";
				COPY_PHASE_STRIP = NO;
				GCC_C_LANGUAGE_STANDARD = gnu99;
				GCC_DYNAMIC_NO_PIC = NO;
				GCC_OPTIMIZATION_LEVEL = 0;
				GCC_PREPROCESSOR_DEFINITIONS = (
					"DEBUG=1",
					"$(inherited)",
				);
				GCC_SYMBOLS_PRIVATE_EXTERN = NO;
				GCC_WARN_ABOUT_RETURN_TYPE = YES;
				GCC_WARN_UNINITIALIZED_AUTOS = YES;
				GCC_WARN_UNUSED_VARIABLE = YES;
				IPHONEOS_DEPLOYMENT_TARGET = 8.1;
				ONLY_ACTIVE_ARCH = YES;
				SDKROOT = iphoneos;
			};
			name = Debug;
		};
		692ED2741796D552008554F9 /* Release */ = {
			isa = XCBuildConfiguration;
			buildSettings = {
				ALWAYS_SEARCH_USER_PATHS = NO;
				CLANG_CXX_LANGUAGE_STANDARD = "gnu++0x";
				CLANG_CXX_LIBRARY = "libc++";
				CLANG_ENABLE_OBJC_ARC = YES;
				CLANG_WARN_CONSTANT_CONVERSION = YES;
				CLANG_WARN_EMPTY_BODY = YES;
				CLANG_WARN_ENUM_CONVERSION = YES;
				CLANG_WARN_INT_CONVERSION = YES;
				CLANG_WARN__DUPLICATE_METHOD_MATCH = YES;
				"CODE_SIGN_IDENTITY[sdk=iphoneos*]" = "iPhone Developer";
				COPY_PHASE_STRIP = YES;
				GCC_C_LANGUAGE_STANDARD = gnu99;
				GCC_WARN_ABOUT_RETURN_TYPE = YES;
				GCC_WARN_UNINITIALIZED_AUTOS = YES;
				GCC_WARN_UNUSED_VARIABLE = YES;
				IPHONEOS_DEPLOYMENT_TARGET = 8.1;
				OTHER_CFLAGS = "-DNS_BLOCK_ASSERTIONS=1";
				SDKROOT = iphoneos;
				VALIDATE_PRODUCT = YES;
			};
			name = Release;
		};
		692ED2761796D552008554F9 /* Debug */ = {
			isa = XCBuildConfiguration;
			buildSettings = {
				ASSETCATALOG_COMPILER_APPICON_NAME = AppIcon;
				ASSETCATALOG_COMPILER_LAUNCHIMAGE_NAME = LaunchImage;
				CODE_SIGN_ENTITLEMENTS = theologica/theologica.entitlements;
				CODE_SIGN_IDENTITY = "iPhone Developer";
				"CODE_SIGN_IDENTITY[sdk=iphoneos*]" = "iPhone Developer";
				FRAMEWORK_SEARCH_PATHS = (
					"$(inherited)",
					"$(PROJECT_DIR)",
				);
				GCC_PRECOMPILE_PREFIX_HEADER = YES;
				GCC_PREFIX_HEADER = "theologica/theologica-Prefix.pch";
				INFOPLIST_FILE = "theologica/theologica-Info.plist";
				IPHONEOS_DEPLOYMENT_TARGET = 8.0;
				LD_RUNPATH_SEARCH_PATHS = "$(inherited) @executable_path/Frameworks";
				PRODUCT_NAME = "$(TARGET_NAME)";
				PROVISIONING_PROFILE = "";
				TARGETED_DEVICE_FAMILY = 1;
				WRAPPER_EXTENSION = app;
			};
			name = Debug;
		};
		692ED2771796D552008554F9 /* Release */ = {
			isa = XCBuildConfiguration;
			buildSettings = {
				ASSETCATALOG_COMPILER_APPICON_NAME = AppIcon;
				ASSETCATALOG_COMPILER_LAUNCHIMAGE_NAME = LaunchImage;
				CODE_SIGN_ENTITLEMENTS = theologica/theologica.entitlements;
				CODE_SIGN_IDENTITY = "iPhone Developer";
				"CODE_SIGN_IDENTITY[sdk=iphoneos*]" = "iPhone Developer";
				FRAMEWORK_SEARCH_PATHS = (
					"$(inherited)",
					"$(PROJECT_DIR)",
				);
				GCC_PRECOMPILE_PREFIX_HEADER = YES;
				GCC_PREFIX_HEADER = "theologica/theologica-Prefix.pch";
				INFOPLIST_FILE = "theologica/theologica-Info.plist";
				IPHONEOS_DEPLOYMENT_TARGET = 8.0;
				LD_RUNPATH_SEARCH_PATHS = "$(inherited) @executable_path/Frameworks";
				PRODUCT_NAME = "$(TARGET_NAME)";
				PROVISIONING_PROFILE = "";
				TARGETED_DEVICE_FAMILY = 1;
				WRAPPER_EXTENSION = app;
			};
			name = Release;
		};
/* End XCBuildConfiguration section */

/* Begin XCConfigurationList section */
		692ED2421796D552008554F9 /* Build configuration list for PBXProject "theologica" */ = {
			isa = XCConfigurationList;
			buildConfigurations = (
				692ED2731796D552008554F9 /* Debug */,
				692ED2741796D552008554F9 /* Release */,
			);
			defaultConfigurationIsVisible = 0;
			defaultConfigurationName = Release;
		};
		692ED2751796D552008554F9 /* Build configuration list for PBXNativeTarget "theologica" */ = {
			isa = XCConfigurationList;
			buildConfigurations = (
				692ED2761796D552008554F9 /* Debug */,
				692ED2771796D552008554F9 /* Release */,
			);
			defaultConfigurationIsVisible = 0;
			defaultConfigurationName = Release;
		};
/* End XCConfigurationList section */

/* Begin XCVersionGroup section */
		9BA06E2B1A833AD400A6A19E /* theologica.xcdatamodeld */ = {
			isa = XCVersionGroup;
			children = (
				9BA06E2C1A833AD400A6A19E /* theologica.xcdatamodel */,
			);
			currentVersion = 9BA06E2C1A833AD400A6A19E /* theologica.xcdatamodel */;
			path = theologica.xcdatamodeld;
			sourceTree = "<group>";
			versionGroupType = wrapper.xcdatamodel;
		};
/* End XCVersionGroup section */
	};
	rootObject = 692ED23F1796D552008554F9 /* Project object */;
}
